
Microsoft Visual Studio Solution File, Format Version 12.00
# Visual Studio Version 17
VisualStudioVersion = 17.4.33122.133
MinimumVisualStudioVersion = 10.0.40219.1
Project("{8BC9CEB8-8B4A-11D0-8D11-00A0C91BC942}") = "CopyKitty", "CopyKitty\CopyKitty.vcxproj", "{A6815299-173B-4403-AB1B-C3FA07FFADA9}"
EndProject
Global
	GlobalSection(SolutionConfigurationPlatforms) = preSolution
		Debug|x64 = Debug|x64
		Debug|x86 = Debug|x86
		Release|x64 = Release|x64
		Release|x86 = Release|x86
	EndGlobalSection
	GlobalSection(ProjectConfigurationPlatforms) = postSolution
		{A6815299-173B-4403-AB1B-C3FA07FFADA9}.Debug|x64.ActiveCfg = Debug|x64
		{A6815299-173B-4403-AB1B-C3FA07FFADA9}.Debug|x64.Build.0 = Debug|x64
		{A6815299-173B-4403-AB1B-C3FA07FFADA9}.Debug|x86.ActiveCfg = Debug|Win32
		{A6815299-173B-4403-AB1B-C3FA07FFADA9}.Debug|x86.Build.0 = Debug|Win32
		{A6815299-173B-4403-AB1B-C3FA07FFADA9}.Release|x64.ActiveCfg = Release|x64
		{A6815299-173B-4403-AB1B-C3FA07FFADA9}.Release|x64.Build.0 = Release|x64
		{A6815299-173B-4403-AB1B-C3FA07FFADA9}.Release|x86.ActiveCfg = Release|Win32
		{A6815299-173B-4403-AB1B-C3FA07FFADA9}.Release|x86.Build.0 = Release|Win32
	EndGlobalSection
	GlobalSection(SolutionProperties) = preSolution
		HideSolutionNode = FALSE
	EndGlobalSection
	GlobalSection(ExtensibilityGlobals) = postSolution
		SolutionGuid = {645C6CB1-BA4A-4644-8273-B0D618C36EAE}
	EndGlobalSection
EndGlobal
